{
  "name": "framevuerk-builder",
  "version": "2.0.7",
  "lockfileVersion": 1,
  "requires": true,
  "dependencies": {
    "bluebird": {
      "version": "3.7.2",
      "resolved": "https://registry.npmjs.org/bluebird/-/bluebird-3.7.2.tgz",
      "integrity": "sha512-XpNj6GDQzdfW+r2Wnn7xiSAd7TM3jzkxGXBGTtWKuSXv1xUV+azxAm8jdWZN06QTQk+2N2XB9jRDkvbmQmcRtg=="
    },
    "cli-spinner": {
      "version": "0.2.10",
      "resolved": "https://registry.npmjs.org/cli-spinner/-/cli-spinner-0.2.10.tgz",
      "integrity": "sha512-U0sSQ+JJvSLi1pAYuJykwiA8Dsr15uHEy85iCJ6A+0DjVxivr3d+N2Wjvodeg89uP5K6TswFkKBfAD7B3YSn/Q=="
    },
    "npm-programmatic": {
      "version": "0.0.12",
      "resolved": "https://registry.npmjs.org/npm-programmatic/-/npm-programmatic-0.0.12.tgz",
      "integrity": "sha512-fvZdiJS038ZH31z59cEiIywOcgX1u23aLc0wAKF4btyhbYQxE93wTQjzs/URERK+GhS/QghDILQmEvgxu77/zQ==",
      "requires": {
        "bluebird": "^3.4.1"
      }
    }
  }
}
